
Microsoft Visual Studio Solution File, Format Version 12.00
Project("{FAE04EC0-301F-11D3-BF4B-00C04F79EFBC}") = "SunriseClothingStore", "SunriseClothingStore\SunriseClothingStore.csproj", "{C383C11F-A65B-4FC2-A2FF-F1E9F25F21BA}"
EndProject
Global
	GlobalSection(SolutionConfigurationPlatforms) = preSolution
		Debug|Any CPU = Debug|Any CPU
		Release|Any CPU = Release|Any CPU
	EndGlobalSection
	GlobalSection(ProjectConfigurationPlatforms) = postSolution
		{C383C11F-A65B-4FC2-A2FF-F1E9F25F21BA}.Debug|Any CPU.ActiveCfg = Debug|Any CPU
		{C383C11F-A65B-4FC2-A2FF-F1E9F25F21BA}.Debug|Any CPU.Build.0 = Debug|Any CPU
		{C383C11F-A65B-4FC2-A2FF-F1E9F25F21BA}.Release|Any CPU.ActiveCfg = Release|Any CPU
		{C383C11F-A65B-4FC2-A2FF-F1E9F25F21BA}.Release|Any CPU.Build.0 = Release|Any CPU
	EndGlobalSection
EndGlobal
